# This file is automatically @generated by Poetry 2.1.3 and should not be changed by hand.

[[package]]
name = "blinker"
version = "1.9.0"
description = "Fast, simple object-to-object and broadcast signaling"
optional = false
python-versions = ">=3.9"
groups = ["main", "dev"]
files = [
    {file = "blinker-1.9.0-py3-none-any.whl", hash = "sha256:ba0efaa9080b619ff2f3459d1d500c57bddea4a6b424b60a91141db6fd2f08bc"},
    {file = "blinker-1.9.0.tar.gz", hash = "sha256:b4ce2265a7abece45e7cc896e98dbebe6cead56bcf805a3d23136d145f5445bf"},
]

[[package]]
name = "bump2version"
version = "1.0.1"
description = "Version-bump your software with a single command!"
optional = false
python-versions = ">=3.5"
groups = ["main"]
files = [
    {file = "bump2version-1.0.1-py2.py3-none-any.whl", hash = "sha256:37f927ea17cde7ae2d7baf832f8e80ce3777624554a653006c9144f8017fe410"},
    {file = "bump2version-1.0.1.tar.gz", hash = "sha256:762cb2bfad61f4ec8e2bdf452c7c267416f8c70dd9ecb1653fd0bbb01fa936e6"},
]

[[package]]
name = "bumpversion"
version = "0.6.0"
description = "Version-bump your software with a single command!"
optional = false
python-versions = "*"
groups = ["main"]
files = [
    {file = "bumpversion-0.6.0-py2.py3-none-any.whl", hash = "sha256:4eb3267a38194d09f048a2179980bb4803701969bff2c85fa8f6d1ce050be15e"},
    {file = "bumpversion-0.6.0.tar.gz", hash = "sha256:4ba55e4080d373f80177b4dabef146c07ce73c7d1377aabf9d3c3ae1f94584a6"},
]

[package.dependencies]
bump2version = "*"

[[package]]
name = "click"
version = "7.1.2"
description = "Composable command line interface toolkit"
optional = false
python-versions = ">=2.7, !=3.0.*, !=3.1.*, !=3.2.*, !=3.3.*, !=3.4.*"
groups = ["main", "dev"]
files = [
    {file = "click-7.1.2-py2.py3-none-any.whl", hash = "sha256:dacca89f4bfadd5de3d7489b7c8a566eee0d3676333fbb50030263894c38c0dc"},
    {file = "click-7.1.2.tar.gz", hash = "sha256:d2b5255c7c6349bc1bd1e59e08cd12acbbd63ce649f2588755783aa94dfb6b1a"},
]

[[package]]
name = "colorama"
version = "0.4.4"
description = "Cross-platform colored terminal text."
optional = false
python-versions = ">=2.7, !=3.0.*, !=3.1.*, !=3.2.*, !=3.3.*, !=3.4.*"
groups = ["dev"]
markers = "sys_platform == \"win32\""
files = [
    {file = "colorama-0.4.4-py2.py3-none-any.whl", hash = "sha256:9f47eda37229f68eee03b24b9748937c7dc3868f906e8ba69fbcbdd3bc5dc3e2"},
    {file = "colorama-0.4.4.tar.gz", hash = "sha256:5941b2b48a20143d2267e95b1c2a7603ce057ee39fd88e7329b0c292aa16869b"},
]

[[package]]
name = "coverage"
version = "5.5"
description = "Code coverage measurement for Python"
optional = false
python-versions = ">=2.7, !=3.0.*, !=3.1.*, !=3.2.*, !=3.3.*, !=3.4.*, <4"
groups = ["dev"]
files = [
    {file = "coverage-5.5-cp27-cp27m-macosx_10_9_x86_64.whl", hash = "sha256:b6d534e4b2ab35c9f93f46229363e17f63c53ad01330df9f2d6bd1187e5eaacf"},
    {file = "coverage-5.5-cp27-cp27m-manylinux1_i686.whl", hash = "sha256:b7895207b4c843c76a25ab8c1e866261bcfe27bfaa20c192de5190121770672b"},
    {file = "coverage-5.5-cp27-cp27m-manylinux1_x86_64.whl", hash = "sha256:c2723d347ab06e7ddad1a58b2a821218239249a9e4365eaff6649d31180c1669"},
    {file = "coverage-5.5-cp27-cp27m-manylinux2010_i686.whl", hash = "sha256:900fbf7759501bc7807fd6638c947d7a831fc9fdf742dc10f02956ff7220fa90"},
    {file = "coverage-5.5-cp27-cp27m-manylinux2010_x86_64.whl", hash = "sha256:004d1880bed2d97151facef49f08e255a20ceb6f9432df75f4eef018fdd5a78c"},
    {file = "coverage-5.5-cp27-cp27m-win32.whl", hash = "sha256:06191eb60f8d8a5bc046f3799f8a07a2d7aefb9504b0209aff0b47298333302a"},
    {file = "coverage-5.5-cp27-cp27m-win_amd64.whl", hash = "sha256:7501140f755b725495941b43347ba8a2777407fc7f250d4f5a7d2a1050ba8e82"},
    {file = "coverage-5.5-cp27-cp27mu-manylinux1_i686.whl", hash = "sha256:372da284cfd642d8e08ef606917846fa2ee350f64994bebfbd3afb0040436905"},
    {file = "coverage-5.5-cp27-cp27mu-manylinux1_x86_64.whl", hash = "sha256:8963a499849a1fc54b35b1c9f162f4108017b2e6db2c46c1bed93a72262ed083"},
    {file = "coverage-5.5-cp27-cp27mu-manylinux2010_i686.whl", hash = "sha256:869a64f53488f40fa5b5b9dcb9e9b2962a66a87dab37790f3fcfb5144b996ef5"},
    {file = "coverage-5.5-cp27-cp27mu-manylinux2010_x86_64.whl", hash = "sha256:4a7697d8cb0f27399b0e393c0b90f0f1e40c82023ea4d45d22bce7032a5d7b81"},
    {file = "coverage-5.5-cp310-cp310-macosx_10_14_x86_64.whl", hash = "sha256:8d0a0725ad7c1a0bcd8d1b437e191107d457e2ec1084b9f190630a4fb1af78e6"},
    {file = "coverage-5.5-cp310-cp310-manylinux1_x86_64.whl", hash = "sha256:51cb9476a3987c8967ebab3f0fe144819781fca264f57f89760037a2ea191cb0"},
    {file = "coverage-5.5-cp310-cp310-win_amd64.whl", hash = "sha256:c0891a6a97b09c1f3e073a890514d5012eb256845c451bd48f7968ef939bf4ae"},
    {file = "coverage-5.5-cp35-cp35m-macosx_10_9_x86_64.whl", hash = "sha256:3487286bc29a5aa4b93a072e9592f22254291ce96a9fbc5251f566b6b7343cdb"},
    {file = "coverage-5.5-cp35-cp35m-manylinux1_i686.whl", hash = "sha256:deee1077aae10d8fa88cb02c845cfba9b62c55e1183f52f6ae6a2df6a2187160"},
    {file = "coverage-5.5-cp35-cp35m-manylinux1_x86_64.whl", hash = "sha256:f11642dddbb0253cc8853254301b51390ba0081750a8ac03f20ea8103f0c56b6"},
    {file = "coverage-5.5-cp35-cp35m-manylinux2010_i686.whl", hash = "sha256:6c90e11318f0d3c436a42409f2749ee1a115cd8b067d7f14c148f1ce5574d701"},
    {file = "coverage-5.5-cp35-cp35m-manylinux2010_x86_64.whl", hash = "sha256:30c77c1dc9f253283e34c27935fded5015f7d1abe83bc7821680ac444eaf7793"},
    {file = "coverage-5.5-cp35-cp35m-win32.whl", hash = "sha256:9a1ef3b66e38ef8618ce5fdc7bea3d9f45f3624e2a66295eea5e57966c85909e"},
    {file = "coverage-5.5-cp35-cp35m-win_amd64.whl", hash = "sha256:972c85d205b51e30e59525694670de6a8a89691186012535f9d7dbaa230e42c3"},
    {file = "coverage-5.5-cp36-cp36m-macosx_10_9_x86_64.whl", hash = "sha256:af0e781009aaf59e25c5a678122391cb0f345ac0ec272c7961dc5455e1c40066"},
    {file = "coverage-5.5-cp36-cp36m-manylinux1_i686.whl", hash = "sha256:74d881fc777ebb11c63736622b60cb9e4aee5cace591ce274fb69e582a12a61a"},
    {file = "coverage-5.5-cp36-cp36m-manylinux1_x86_64.whl", hash = "sha256:92b017ce34b68a7d67bd6d117e6d443a9bf63a2ecf8567bb3d8c6c7bc5014465"},
    {file = "coverage-5.5-cp36-cp36m-manylinux2010_i686.whl", hash = "sha256:d636598c8305e1f90b439dbf4f66437de4a5e3c31fdf47ad29542478c8508bbb"},
    {file = "coverage-5.5-cp36-cp36m-manylinux2010_x86_64.whl", hash = "sha256:41179b8a845742d1eb60449bdb2992196e211341818565abded11cfa90efb821"},
    {file = "coverage-5.5-cp36-cp36m-win32.whl", hash = "sha256:040af6c32813fa3eae5305d53f18875bedd079960822ef8ec067a66dd8afcd45"},
    {file = "coverage-5.5-cp36-cp36m-win_amd64.whl", hash = "sha256:5fec2d43a2cc6965edc0bb9e83e1e4b557f76f843a77a2496cbe719583ce8184"},
    {file = "coverage-5.5-cp37-cp37m-macosx_10_9_x86_64.whl", hash = "sha256:18ba8bbede96a2c3dde7b868de9dcbd55670690af0988713f0603f037848418a"},
    {file = "coverage-5.5-cp37-cp37m-manylinux1_i686.whl", hash = "sha256:2910f4d36a6a9b4214bb7038d537f015346f413a975d57ca6b43bf23d6563b53"},
    {file = "coverage-5.5-cp37-cp37m-manylinux1_x86_64.whl", hash = "sha256:f0b278ce10936db1a37e6954e15a3730bea96a0997c26d7fee88e6c396c2086d"},
    {file = "coverage-5.5-cp37-cp37m-manylinux2010_i686.whl", hash = "sha256:796c9c3c79747146ebd278dbe1e5c5c05dd6b10cc3bcb8389dfdf844f3ead638"},
    {file = "coverage-5.5-cp37-cp37m-manylinux2010_x86_64.whl", hash = "sha256:53194af30d5bad77fcba80e23a1441c71abfb3e01192034f8246e0d8f99528f3"},
    {file = "coverage-5.5-cp37-cp37m-win32.whl", hash = "sha256:184a47bbe0aa6400ed2d41d8e9ed868b8205046518c52464fde713ea06e3a74a"},
    {file = "coverage-5.5-cp37-cp37m-win_amd64.whl", hash = "sha256:2949cad1c5208b8298d5686d5a85b66aae46d73eec2c3e08c817dd3513e5848a"},
    {file = "coverage-5.5-cp38-cp38-macosx_10_9_x86_64.whl", hash = "sha256:217658ec7187497e3f3ebd901afdca1af062b42cfe3e0dafea4cced3983739f6"},
    {file = "coverage-5.5-cp38-cp38-manylinux1_i686.whl", hash = "sha256:1aa846f56c3d49205c952d8318e76ccc2ae23303351d9270ab220004c580cfe2"},
    {file = "coverage-5.5-cp38-cp38-manylinux1_x86_64.whl", hash = "sha256:24d4a7de75446be83244eabbff746d66b9240ae020ced65d060815fac3423759"},
    {file = "coverage-5.5-cp38-cp38-manylinux2010_i686.whl", hash = "sha256:d1f8bf7b90ba55699b3a5e44930e93ff0189aa27186e96071fac7dd0d06a1873"},
    {file = "coverage-5.5-cp38-cp38-manylinux2010_x86_64.whl", hash = "sha256:970284a88b99673ccb2e4e334cfb38a10aab7cd44f7457564d11898a74b62d0a"},
    {file = "coverage-5.5-cp38-cp38-win32.whl", hash = "sha256:01d84219b5cdbfc8122223b39a954820929497a1cb1422824bb86b07b74594b6"},
    {file = "coverage-5.5-cp38-cp38-win_amd64.whl", hash = "sha256:2e0d881ad471768bf6e6c2bf905d183543f10098e3b3640fc029509530091502"},
    {file = "coverage-5.5-cp39-cp39-macosx_10_9_x86_64.whl", hash = "sha256:d1f9ce122f83b2305592c11d64f181b87153fc2c2bbd3bb4a3dde8303cfb1a6b"},
    {file = "coverage-5.5-cp39-cp39-manylinux1_i686.whl", hash = "sha256:13c4ee887eca0f4c5a247b75398d4114c37882658300e153113dafb1d76de529"},
    {file = "coverage-5.5-cp39-cp39-manylinux1_x86_64.whl", hash = "sha256:52596d3d0e8bdf3af43db3e9ba8dcdaac724ba7b5ca3f6358529d56f7a166f8b"},
    {file = "coverage-5.5-cp39-cp39-manylinux2010_i686.whl", hash = "sha256:2cafbbb3af0733db200c9b5f798d18953b1a304d3f86a938367de1567f4b5bff"},
    {file = "coverage-5.5-cp39-cp39-manylinux2010_x86_64.whl", hash = "sha256:44d654437b8ddd9eee7d1eaee28b7219bec228520ff809af170488fd2fed3e2b"},
    {file = "coverage-5.5-cp39-cp39-win32.whl", hash = "sha256:d314ed732c25d29775e84a960c3c60808b682c08d86602ec2c3008e1202e3bb6"},
    {file = "coverage-5.5-cp39-cp39-win_amd64.whl", hash = "sha256:13034c4409db851670bc9acd836243aeee299949bd5673e11844befcb0149f03"},
    {file = "coverage-5.5-pp36-none-any.whl", hash = "sha256:f030f8873312a16414c0d8e1a1ddff2d3235655a2174e3648b4fa66b3f2f1079"},
    {file = "coverage-5.5-pp37-none-any.whl", hash = "sha256:2a3859cb82dcbda1cfd3e6f71c27081d18aa251d20a17d87d26d4cd216fb0af4"},
    {file = "coverage-5.5.tar.gz", hash = "sha256:ebe78fe9a0e874362175b02371bdfbee64d8edc42a044253ddf4ee7d3c15212c"},
]

[package.extras]
toml = ["toml"]

[[package]]
name = "exceptiongroup"
version = "1.3.0"
description = "Backport of PEP 654 (exception groups)"
optional = false
python-versions = ">=3.7"
groups = ["dev"]
markers = "python_version < \"3.11\""
files = [
    {file = "exceptiongroup-1.3.0-py3-none-any.whl", hash = "sha256:4d111e6e0c13d0644cad6ddaa7ed0261a0b36971f6d23e7ec9b4b9097da78a10"},
    {file = "exceptiongroup-1.3.0.tar.gz", hash = "sha256:b241f5885f560bc56a59ee63ca4c6a8bfa46ae4ad651af316d4e81817bb9fd88"},
]

[package.dependencies]
typing-extensions = {version = ">=4.6.0", markers = "python_version < \"3.13\""}

[package.extras]
test = ["pytest (>=6)"]

[[package]]
name = "flask"
version = "1.1.4"
description = "A simple framework for building complex web applications."
optional = false
python-versions = ">=2.7, !=3.0.*, !=3.1.*, !=3.2.*, !=3.3.*, !=3.4.*"
groups = ["main", "dev"]
files = [
    {file = "Flask-1.1.4-py2.py3-none-any.whl", hash = "sha256:c34f04500f2cbbea882b1acb02002ad6fe6b7ffa64a6164577995657f50aed22"},
    {file = "Flask-1.1.4.tar.gz", hash = "sha256:0fbeb6180d383a9186d0d6ed954e0042ad9f18e0e8de088b2b419d526927d196"},
]

[package.dependencies]
click = ">=5.1,<8.0"
itsdangerous = ">=0.24,<2.0"
Jinja2 = ">=2.10.1,<3.0"
Werkzeug = ">=0.15,<2.0"

[package.extras]
dev = ["coverage", "pallets-sphinx-themes", "pytest", "sphinx", "sphinx-issues", "sphinxcontrib-log-cabinet", "tox"]
docs = ["pallets-sphinx-themes", "sphinx", "sphinx-issues", "sphinxcontrib-log-cabinet"]
dotenv = ["python-dotenv"]

[[package]]
name = "iniconfig"
version = "2.1.0"
description = "brain-dead simple config-ini parsing"
optional = false
python-versions = ">=3.8"
groups = ["dev"]
files = [
    {file = "iniconfig-2.1.0-py3-none-any.whl", hash = "sha256:9deba5723312380e77435581c6bf4935c94cbfab9b1ed33ef8d238ea168eb760"},
    {file = "iniconfig-2.1.0.tar.gz", hash = "sha256:3abbd2e30b36733fee78f9c7f7308f2d0050e88f0087fd25c2645f63c773e1c7"},
]

[[package]]
name = "itsdangerous"
version = "1.1.0"
description = "Various helpers to pass data to untrusted environments and back."
optional = false
python-versions = ">=2.7, !=3.0.*, !=3.1.*, !=3.2.*, !=3.3.*"
groups = ["main", "dev"]
files = [
    {file = "itsdangerous-1.1.0-py2.py3-none-any.whl", hash = "sha256:b12271b2047cb23eeb98c8b5622e2e5c5e9abd9784a153e9d8ef9cb4dd09d749"},
    {file = "itsdangerous-1.1.0.tar.gz", hash = "sha256:321b033d07f2a4136d3ec762eac9f16a10ccd60f53c0c91af90217ace7ba1f19"},
]

[[package]]
name = "jinja2"
version = "2.11.3"
description = "A very fast and expressive template engine."
optional = false
python-versions = ">=2.7, !=3.0.*, !=3.1.*, !=3.2.*, !=3.3.*, !=3.4.*"
groups = ["main", "dev"]
files = [
    {file = "Jinja2-2.11.3-py2.py3-none-any.whl", hash = "sha256:03e47ad063331dd6a3f04a43eddca8a966a26ba0c5b7207a9a9e4e08f1b29419"},
    {file = "Jinja2-2.11.3.tar.gz", hash = "sha256:a6d58433de0ae800347cab1fa3043cebbabe8baa9d29e668f1c768cb87a333c6"},
]

[package.dependencies]
MarkupSafe = ">=0.23"

[package.extras]
i18n = ["Babel (>=0.8)"]

[[package]]
name = "markupsafe"
version = "2.0.1"
description = "Safely add untrusted strings to HTML/XML markup."
optional = false
python-versions = ">=3.6"
groups = ["main", "dev"]
files = [
    {file = "MarkupSafe-2.0.1-cp310-cp310-macosx_10_9_universal2.whl", hash = "sha256:d8446c54dc28c01e5a2dbac5a25f071f6653e6e40f3a8818e8b45d790fe6ef53"},
    {file = "MarkupSafe-2.0.1-cp310-cp310-macosx_10_9_x86_64.whl", hash = "sha256:36bc903cbb393720fad60fc28c10de6acf10dc6cc883f3e24ee4012371399a38"},
    {file = "MarkupSafe-2.0.1-cp310-cp310-manylinux_2_17_aarch64.manylinux2014_aarch64.whl", hash = "sha256:2d7d807855b419fc2ed3e631034685db6079889a1f01d5d9dac950f764da3dad"},
    {file = "MarkupSafe-2.0.1-cp310-cp310-manylinux_2_5_i686.manylinux1_i686.manylinux_2_12_i686.manylinux2010_i686.whl", hash = "sha256:add36cb2dbb8b736611303cd3bfcee00afd96471b09cda130da3581cbdc56a6d"},
    {file = "MarkupSafe-2.0.1-cp310-cp310-manylinux_2_5_x86_64.manylinux1_x86_64.manylinux_2_12_x86_64.manylinux2010_x86_64.whl", hash = "sha256:168cd0a3642de83558a5153c8bd34f175a9a6e7f6dc6384b9655d2697312a646"},
    {file = "MarkupSafe-2.0.1-cp310-cp310-musllinux_1_1_aarch64.whl", hash = "sha256:4dc8f9fb58f7364b63fd9f85013b780ef83c11857ae79f2feda41e270468dd9b"},
    {file = "MarkupSafe-2.0.1-cp310-cp310-musllinux_1_1_i686.whl", hash = "sha256:20dca64a3ef2d6e4d5d615a3fd418ad3bde77a47ec8a23d984a12b5b4c74491a"},
    {file = "MarkupSafe-2.0.1-cp310-cp310-musllinux_1_1_x86_64.whl", hash = "sha256:cdfba22ea2f0029c9261a4bd07e830a8da012291fbe44dc794e488b6c9bb353a"},
    {file = "MarkupSafe-2.0.1-cp310-cp310-win32.whl", hash = "sha256:99df47edb6bda1249d3e80fdabb1dab8c08ef3975f69aed437cb69d0a5de1e28"},
    {file = "MarkupSafe-2.0.1-cp310-cp310-win_amd64.whl", hash = "sha256:e0f138900af21926a02425cf736db95be9f4af72ba1bb21453432a07f6082134"},
    {file = "MarkupSafe-2.0.1-cp36-cp36m-macosx_10_9_x86_64.whl", hash = "sha256:f9081981fe268bd86831e5c75f7de206ef275defcb82bc70740ae6dc507aee51"},
    {file = "MarkupSafe-2.0.1-cp36-cp36m-manylinux1_i686.whl", hash = "sha256:0955295dd5eec6cb6cc2fe1698f4c6d84af2e92de33fbcac4111913cd100a6ff"},
    {file = "MarkupSafe-2.0.1-cp36-cp36m-manylinux1_x86_64.whl", hash = "sha256:0446679737af14f45767963a1a9ef7620189912317d095f2d9ffa183a4d25d2b"},
    {file = "MarkupSafe-2.0.1-cp36-cp36m-manylinux2010_i686.whl", hash = "sha256:f826e31d18b516f653fe296d967d700fddad5901ae07c622bb3705955e1faa94"},
    {file = "MarkupSafe-2.0.1-cp36-cp36m-manylinux2010_x86_64.whl", hash = "sha256:fa130dd50c57d53368c9d59395cb5526eda596d3ffe36666cd81a44d56e48872"},
    {file = "MarkupSafe-2.0.1-cp36-cp36m-manylinux2014_aarch64.whl", hash = "sha256:905fec760bd2fa1388bb5b489ee8ee5f7291d692638ea5f67982d968366bef9f"},
    {file = "MarkupSafe-2.0.1-cp36-cp36m-manylinux_2_17_aarch64.manylinux2014_aarch64.whl", hash = "sha256:bf5d821ffabf0ef3533c39c518f3357b171a1651c1ff6827325e4489b0e46c3c"},
    {file = "MarkupSafe-2.0.1-cp36-cp36m-manylinux_2_5_i686.manylinux1_i686.manylinux_2_12_i686.manylinux2010_i686.whl", hash = "sha256:0d4b31cc67ab36e3392bbf3862cfbadac3db12bdd8b02a2731f509ed5b829724"},
    {file = "MarkupSafe-2.0.1-cp36-cp36m-manylinux_2_5_x86_64.manylinux1_x86_64.manylinux_2_12_x86_64.manylinux2010_x86_64.whl", hash = "sha256:baa1a4e8f868845af802979fcdbf0bb11f94f1cb7ced4c4b8a351bb60d108145"},
    {file = "MarkupSafe-2.0.1-cp36-cp36m-musllinux_1_1_aarch64.whl", hash = "sha256:deb993cacb280823246a026e3b2d81c493c53de6acfd5e6bfe31ab3402bb37dd"},
    {file = "MarkupSafe-2.0.1-cp36-cp36m-musllinux_1_1_i686.whl", hash = "sha256:63f3268ba69ace99cab4e3e3b5840b03340efed0948ab8f78d2fd87ee5442a4f"},
    {file = "MarkupSafe-2.0.1-cp36-cp36m-musllinux_1_1_x86_64.whl", hash = "sha256:8d206346619592c6200148b01a2142798c989edcb9c896f9ac9722a99d4e77e6"},
    {file = "MarkupSafe-2.0.1-cp36-cp36m-win32.whl", hash = "sha256:6c4ca60fa24e85fe25b912b01e62cb969d69a23a5d5867682dd3e80b5b02581d"},
    {file = "MarkupSafe-2.0.1-cp36-cp36m-win_amd64.whl", hash = "sha256:b2f4bf27480f5e5e8ce285a8c8fd176c0b03e93dcc6646477d4630e83440c6a9"},
    {file = "MarkupSafe-2.0.1-cp37-cp37m-macosx_10_9_x86_64.whl", hash = "sha256:0717a7390a68be14b8c793ba258e075c6f4ca819f15edfc2a3a027c823718567"},
    {file = "MarkupSafe-2.0.1-cp37-cp37m-manylinux1_i686.whl", hash = "sha256:6557b31b5e2c9ddf0de32a691f2312a32f77cd7681d8af66c2692efdbef84c18"},
    {file = "MarkupSafe-2.0.1-cp37-cp37m-manylinux1_x86_64.whl", hash = "sha256:49e3ceeabbfb9d66c3aef5af3a60cc43b85c33df25ce03d0031a608b0a8b2e3f"},
    {file = "MarkupSafe-2.0.1-cp37-cp37m-manylinux2010_i686.whl", hash = "sha256:d7f9850398e85aba693bb640262d3611788b1f29a79f0c93c565694658f4071f"},
    {file = "MarkupSafe-2.0.1-cp37-cp37m-manylinux2010_x86_64.whl", hash = "sha256:6a7fae0dd14cf60ad5ff42baa2e95727c3d81ded453457771d02b7d2b3f9c0c2"},
    {file = "MarkupSafe-2.0.1-cp37-cp37m-manylinux2014_aarch64.whl", hash = "sha256:b7f2d075102dc8c794cbde1947378051c4e5180d52d276987b8d28a3bd58c17d"},
    {file = "MarkupSafe-2.0.1-cp37-cp37m-manylinux_2_17_aarch64.manylinux2014_aarch64.whl", hash = "sha256:e9936f0b261d4df76ad22f8fee3ae83b60d7c3e871292cd42f40b81b70afae85"},
    {file = "MarkupSafe-2.0.1-cp37-cp37m-manylinux_2_5_i686.manylinux1_i686.manylinux_2_12_i686.manylinux2010_i686.whl", hash = "sha256:2a7d351cbd8cfeb19ca00de495e224dea7e7d919659c2841bbb7f420ad03e2d6"},
    {file = "MarkupSafe-2.0.1-cp37-cp37m-manylinux_2_5_x86_64.manylinux1_x86_64.manylinux_2_12_x86_64.manylinux2010_x86_64.whl", hash = "sha256:60bf42e36abfaf9aff1f50f52644b336d4f0a3fd6d8a60ca0d054ac9f713a864"},
    {file = "MarkupSafe-2.0.1-cp37-cp37m-musllinux_1_1_aarch64.whl", hash = "sha256:d6c7ebd4e944c85e2c3421e612a7057a2f48d478d79e61800d81468a8d842207"},
    {file = "MarkupSafe-2.0.1-cp37-cp37m-musllinux_1_1_i686.whl", hash = "sha256:f0567c4dc99f264f49fe27da5f735f414c4e7e7dd850cfd8e69f0862d7c74ea9"},
    {file = "MarkupSafe-2.0.1-cp37-cp37m-musllinux_1_1_x86_64.whl", hash = "sha256:89c687013cb1cd489a0f0ac24febe8c7a666e6e221b783e53ac50ebf68e45d86"},
    {file = "MarkupSafe-2.0.1-cp37-cp37m-win32.whl", hash = "sha256:a30e67a65b53ea0a5e62fe23682cfe22712e01f453b95233b25502f7c61cb415"},
    {file = "MarkupSafe-2.0.1-cp37-cp37m-win_amd64.whl", hash = "sha256:611d1ad9a4288cf3e3c16014564df047fe08410e628f89805e475368bd304914"},
    {file = "MarkupSafe-2.0.1-cp38-cp38-macosx_10_9_universal2.whl", hash = "sha256:5bb28c636d87e840583ee3adeb78172efc47c8b26127267f54a9c0ec251d41a9"},
    {file = "MarkupSafe-2.0.1-cp38-cp38-macosx_10_9_x86_64.whl", hash = "sha256:be98f628055368795d818ebf93da628541e10b75b41c559fdf36d104c5787066"},
    {file = "MarkupSafe-2.0.1-cp38-cp38-manylinux1_i686.whl", hash = "sha256:1d609f577dc6e1aa17d746f8bd3c31aa4d258f4070d61b2aa5c4166c1539de35"},
    {file = "MarkupSafe-2.0.1-cp38-cp38-manylinux1_x86_64.whl", hash = "sha256:7d91275b0245b1da4d4cfa07e0faedd5b0812efc15b702576d103293e252af1b"},
    {file = "MarkupSafe-2.0.1-cp38-cp38-manylinux2010_i686.whl", hash = "sha256:01a9b8ea66f1658938f65b93a85ebe8bc016e6769611be228d797c9d998dd298"},
    {file = "MarkupSafe-2.0.1-cp38-cp38-manylinux2010_x86_64.whl", hash = "sha256:47ab1e7b91c098ab893b828deafa1203de86d0bc6ab587b160f78fe6c4011f75"},
    {file = "MarkupSafe-2.0.1-cp38-cp38-manylinux2014_aarch64.whl", hash = "sha256:97383d78eb34da7e1fa37dd273c20ad4320929af65d156e35a5e2d89566d9dfb"},
    {file = "MarkupSafe-2.0.1-cp38-cp38-manylinux_2_17_aarch64.manylinux2014_aarch64.whl", hash = "sha256:6fcf051089389abe060c9cd7caa212c707e58153afa2c649f00346ce6d260f1b"},
    {file = "MarkupSafe-2.0.1-cp38-cp38-manylinux_2_5_i686.manylinux1_i686.manylinux_2_12_i686.manylinux2010_i686.whl", hash = "sha256:5855f8438a7d1d458206a2466bf82b0f104a3724bf96a1c781ab731e4201731a"},
    {file = "MarkupSafe-2.0.1-cp38-cp38-manylinux_2_5_x86_64.manylinux1_x86_64.manylinux_2_12_x86_64.manylinux2010_x86_64.whl", hash = "sha256:3dd007d54ee88b46be476e293f48c85048603f5f516008bee124ddd891398ed6"},
    {file = "MarkupSafe-2.0.1-cp38-cp38-musllinux_1_1_aarch64.whl", hash = "sha256:aca6377c0cb8a8253e493c6b451565ac77e98c2951c45f913e0b52facdcff83f"},
    {file = "MarkupSafe-2.0.1-cp38-cp38-musllinux_1_1_i686.whl", hash = "sha256:04635854b943835a6ea959e948d19dcd311762c5c0c6e1f0e16ee57022669194"},
    {file = "MarkupSafe-2.0.1-cp38-cp38-musllinux_1_1_x86_64.whl", hash = "sha256:6300b8454aa6930a24b9618fbb54b5a68135092bc666f7b06901f897fa5c2fee"},
    {file = "MarkupSafe-2.0.1-cp38-cp38-win32.whl", hash = "sha256:023cb26ec21ece8dc3907c0e8320058b2e0cb3c55cf9564da612bc325bed5e64"},
    {file = "MarkupSafe-2.0.1-cp38-cp38-win_amd64.whl", hash = "sha256:984d76483eb32f1bcb536dc27e4ad56bba4baa70be32fa87152832cdd9db0833"},
    {file = "MarkupSafe-2.0.1-cp39-cp39-macosx_10_9_universal2.whl", hash = "sha256:2ef54abee730b502252bcdf31b10dacb0a416229b72c18b19e24a4509f273d26"},
    {file = "MarkupSafe-2.0.1-cp39-cp39-macosx_10_9_x86_64.whl", hash = "sha256:3c112550557578c26af18a1ccc9e090bfe03832ae994343cfdacd287db6a6ae7"},
    {file = "MarkupSafe-2.0.1-cp39-cp39-manylinux1_i686.whl", hash = "sha256:53edb4da6925ad13c07b6d26c2a852bd81e364f95301c66e930ab2aef5b5ddd8"},
    {file = "MarkupSafe-2.0.1-cp39-cp39-manylinux1_x86_64.whl", hash = "sha256:f5653a225f31e113b152e56f154ccbe59eeb1c7487b39b9d9f9cdb58e6c79dc5"},
    {file = "MarkupSafe-2.0.1-cp39-cp39-manylinux2010_i686.whl", hash = "sha256:4efca8f86c54b22348a5467704e3fec767b2db12fc39c6d963168ab1d3fc9135"},
    {file = "MarkupSafe-2.0.1-cp39-cp39-manylinux2010_x86_64.whl", hash = "sha256:ab3ef638ace319fa26553db0624c4699e31a28bb2a835c5faca8f8acf6a5a902"},
    {file = "MarkupSafe-2.0.1-cp39-cp39-manylinux2014_aarch64.whl", hash = "sha256:f8ba0e8349a38d3001fae7eadded3f6606f0da5d748ee53cc1dab1d6527b9509"},
    {file = "MarkupSafe-2.0.1-cp39-cp39-manylinux_2_17_aarch64.manylinux2014_aarch64.whl", hash = "sha256:c47adbc92fc1bb2b3274c4b3a43ae0e4573d9fbff4f54cd484555edbf030baf1"},
    {file = "MarkupSafe-2.0.1-cp39-cp39-manylinux_2_5_i686.manylinux1_i686.manylinux_2_12_i686.manylinux2010_i686.whl", hash = "sha256:37205cac2a79194e3750b0af2a5720d95f786a55ce7df90c3af697bfa100eaac"},
    {file = "MarkupSafe-2.0.1-cp39-cp39-manylinux_2_5_x86_64.manylinux1_x86_64.manylinux_2_12_x86_64.manylinux2010_x86_64.whl", hash = "sha256:1f2ade76b9903f39aa442b4aadd2177decb66525062db244b35d71d0ee8599b6"},
    {file = "MarkupSafe-2.0.1-cp39-cp39-musllinux_1_1_aarch64.whl", hash = "sha256:4296f2b1ce8c86a6aea78613c34bb1a672ea0e3de9c6ba08a960efe0b0a09047"},
    {file = "MarkupSafe-2.0.1-cp39-cp39-musllinux_1_1_i686.whl", hash = "sha256:9f02365d4e99430a12647f09b6cc8bab61a6564363f313126f775eb4f6ef798e"},
    {file = "MarkupSafe-2.0.1-cp39-cp39-musllinux_1_1_x86_64.whl", hash = "sha256:5b6d930f030f8ed98e3e6c98ffa0652bdb82601e7a016ec2ab5d7ff23baa78d1"},
    {file = "MarkupSafe-2.0.1-cp39-cp39-win32.whl", hash = "sha256:10f82115e21dc0dfec9ab5c0223652f7197feb168c940f3ef61563fc2d6beb74"},
    {file = "MarkupSafe-2.0.1-cp39-cp39-win_amd64.whl", hash = "sha256:693ce3f9e70a6cf7d2fb9e6c9d8b204b6b39897a2c4a1aa65728d5ac97dcc1d8"},
    {file = "MarkupSafe-2.0.1.tar.gz", hash = "sha256:594c67807fb16238b30c44bdf74f36c02cdf22d1c8cda91ef8a0ed8dabf5620a"},
]

[[package]]
name = "packaging"
version = "25.0"
description = "Core utilities for Python packages"
optional = false
python-versions = ">=3.8"
groups = ["dev"]
files = [
    {file = "packaging-25.0-py3-none-any.whl", hash = "sha256:29572ef2b1f17581046b3a2227d5c611fb25ec70ca1ba8554b24b0e69331a484"},
    {file = "packaging-25.0.tar.gz", hash = "sha256:d443872c98d677bf60f6a1f2f8c1cb748e8fe762d2bf9d3148b5599295b0fc4f"},
]

[[package]]
name = "pluggy"
version = "1.0.0"
description = "plugin and hook calling mechanisms for python"
optional = false
python-versions = ">=3.6"
groups = ["dev"]
files = [
    {file = "pluggy-1.0.0-py2.py3-none-any.whl", hash = "sha256:74134bbf457f031a36d68416e1509f34bd5ccc019f0bcc952c7b909d06b37bd3"},
    {file = "pluggy-1.0.0.tar.gz", hash = "sha256:4224373bacce55f955a878bf9cfa763c1e360858e330072059e10bad68531159"},
]

[package.extras]
dev = ["pre-commit", "tox"]
testing = ["pytest", "pytest-benchmark"]

[[package]]
name = "pytest"
version = "7.4.4"
description = "pytest: simple powerful testing with Python"
optional = false
python-versions = ">=3.7"
groups = ["dev"]
files = [
    {file = "pytest-7.4.4-py3-none-any.whl", hash = "sha256:b090cdf5ed60bf4c45261be03239c2c1c22df034fbffe691abe93cd80cea01d8"},
    {file = "pytest-7.4.4.tar.gz", hash = "sha256:2cf0005922c6ace4a3e2ec8b4080eb0d9753fdc93107415332f50ce9e7994280"},
]

[package.dependencies]
colorama = {version = "*", markers = "sys_platform == \"win32\""}
exceptiongroup = {version = ">=1.0.0rc8", markers = "python_version < \"3.11\""}
iniconfig = "*"
packaging = "*"
pluggy = ">=0.12,<2.0"
tomli = {version = ">=1.0.0", markers = "python_version < \"3.11\""}

[package.extras]
testing = ["argcomplete", "attrs (>=19.2.0)", "hypothesis (>=3.56)", "mock", "nose", "pygments (>=2.7.2)", "requests", "setuptools", "xmlschema"]

[[package]]
name = "pytest-cov"
version = "2.9.0"
description = "Pytest plugin for measuring coverage."
optional = false
python-versions = ">=2.7, !=3.0.*, !=3.1.*, !=3.2.*, !=3.3.*, !=3.4.*"
groups = ["dev"]
files = [
    {file = "pytest-cov-2.9.0.tar.gz", hash = "sha256:b6a814b8ed6247bd81ff47f038511b57fe1ce7f4cc25b9106f1a4b106f1d9322"},
    {file = "pytest_cov-2.9.0-py2.py3-none-any.whl", hash = "sha256:c87dfd8465d865655a8213859f1b4749b43448b5fae465cb981e16d52a811424"},
]

[package.dependencies]
coverage = ">=4.4"
pytest = ">=3.6"

[package.extras]
testing = ["fields", "hunter", "process-tests (==2.0.2)", "pytest-xdist", "six", "virtualenv"]

[[package]]
name = "pytest-flask"
version = "0.15.1"
description = "A set of py.test fixtures to test Flask applications."
optional = false
python-versions = "*"
groups = ["dev"]
files = [
    {file = "pytest-flask-0.15.1.tar.gz", hash = "sha256:cbd8c5b9f8f1b83e9c159ac4294964807c4934317a5fba181739ac15e1b823e6"},
    {file = "pytest_flask-0.15.1-py2.py3-none-any.whl", hash = "sha256:9001f6128c5c4a0d243ce46c117f3691052828d2faf39ac151b8388657dce447"},
]

[package.dependencies]
Flask = "*"
pytest = ">=3.6"
Werkzeug = ">=0.7"

[package.extras]
docs = ["Sphinx", "sphinx-rtd-theme"]

[[package]]
name = "pytest-sugar"
version = "1.0.0"
description = "pytest-sugar is a plugin for pytest that changes the default look and feel of pytest (e.g. progressbar, show tests that fail instantly)."
optional = false
python-versions = "*"
groups = ["dev"]
files = [
    {file = "pytest-sugar-1.0.0.tar.gz", hash = "sha256:6422e83258f5b0c04ce7c632176c7732cab5fdb909cb39cca5c9139f81276c0a"},
    {file = "pytest_sugar-1.0.0-py3-none-any.whl", hash = "sha256:70ebcd8fc5795dc457ff8b69d266a4e2e8a74ae0c3edc749381c64b5246c8dfd"},
]

[package.dependencies]
packaging = ">=21.3"
pytest = ">=6.2.0"
termcolor = ">=2.1.0"

[package.extras]
dev = ["black", "flake8", "pre-commit"]

[[package]]
name = "termcolor"
version = "3.1.0"
description = "ANSI color formatting for output in terminal"
optional = false
python-versions = ">=3.9"
groups = ["dev"]
files = [
    {file = "termcolor-3.1.0-py3-none-any.whl", hash = "sha256:591dd26b5c2ce03b9e43f391264626557873ce1d379019786f99b0c2bee140aa"},
    {file = "termcolor-3.1.0.tar.gz", hash = "sha256:6a6dd7fbee581909eeec6a756cff1d7f7c376063b14e4a298dc4980309e55970"},
]

[package.extras]
tests = ["pytest", "pytest-cov"]

[[package]]
name = "tomli"
version = "2.2.1"
description = "A lil' TOML parser"
optional = false
python-versions = ">=3.8"
groups = ["dev"]
markers = "python_version < \"3.11\""
files = [
    {file = "tomli-2.2.1-cp311-cp311-macosx_10_9_x86_64.whl", hash = "sha256:678e4fa69e4575eb77d103de3df8a895e1591b48e740211bd1067378c69e8249"},
    {file = "tomli-2.2.1-cp311-cp311-macosx_11_0_arm64.whl", hash = "sha256:023aa114dd824ade0100497eb2318602af309e5a55595f76b626d6d9f3b7b0a6"},
    {file = "tomli-2.2.1-cp311-cp311-manylinux_2_17_aarch64.manylinux2014_aarch64.whl", hash = "sha256:ece47d672db52ac607a3d9599a9d48dcb2f2f735c6c2d1f34130085bb12b112a"},
    {file = "tomli-2.2.1-cp311-cp311-manylinux_2_17_x86_64.manylinux2014_x86_64.whl", hash = "sha256:6972ca9c9cc9f0acaa56a8ca1ff51e7af152a9f87fb64623e31d5c83700080ee"},
    {file = "tomli-2.2.1-cp311-cp311-manylinux_2_5_i686.manylinux1_i686.manylinux_2_17_i686.manylinux2014_i686.whl", hash = "sha256:c954d2250168d28797dd4e3ac5cf812a406cd5a92674ee4c8f123c889786aa8e"},
    {file = "tomli-2.2.1-cp311-cp311-musllinux_1_2_aarch64.whl", hash = "sha256:8dd28b3e155b80f4d54beb40a441d366adcfe740969820caf156c019fb5c7ec4"},
    {file = "tomli-2.2.1-cp311-cp311-musllinux_1_2_i686.whl", hash = "sha256:e59e304978767a54663af13c07b3d1af22ddee3bb2fb0618ca1593e4f593a106"},
    {file = "tomli-2.2.1-cp311-cp311-musllinux_1_2_x86_64.whl", hash = "sha256:33580bccab0338d00994d7f16f4c4ec25b776af3ffaac1ed74e0b3fc95e885a8"},
    {file = "tomli-2.2.1-cp311-cp311-win32.whl", hash = "sha256:465af0e0875402f1d226519c9904f37254b3045fc5084697cefb9bdde1ff99ff"},
    {file = "tomli-2.2.1-cp311-cp311-win_amd64.whl", hash = "sha256:2d0f2fdd22b02c6d81637a3c95f8cd77f995846af7414c5c4b8d0545afa1bc4b"},
    {file = "tomli-2.2.1-cp312-cp312-macosx_10_13_x86_64.whl", hash = "sha256:4a8f6e44de52d5e6c657c9fe83b562f5f4256d8ebbfe4ff922c495620a7f6cea"},
    {file = "tomli-2.2.1-cp312-cp312-macosx_11_0_arm64.whl", hash = "sha256:8d57ca8095a641b8237d5b079147646153d22552f1c637fd3ba7f4b0b29167a8"},
    {file = "tomli-2.2.1-cp312-cp312-manylinux_2_17_aarch64.manylinux2014_aarch64.whl", hash = "sha256:4e340144ad7ae1533cb897d406382b4b6fede8890a03738ff1683af800d54192"},
    {file = "tomli-2.2.1-cp312-cp312-manylinux_2_17_x86_64.manylinux2014_x86_64.whl", hash = "sha256:db2b95f9de79181805df90bedc5a5ab4c165e6ec3fe99f970d0e302f384ad222"},
    {file = "tomli-2.2.1-cp312-cp312-manylinux_2_5_i686.manylinux1_i686.manylinux_2_17_i686.manylinux2014_i686.whl", hash = "sha256:40741994320b232529c802f8bc86da4e1aa9f413db394617b9a256ae0f9a7f77"},
    {file = "tomli-2.2.1-cp312-cp312-musllinux_1_2_aarch64.whl", hash = "sha256:400e720fe168c0f8521520190686ef8ef033fb19fc493da09779e592861b78c6"},
    {file = "tomli-2.2.1-cp312-cp312-musllinux_1_2_i686.whl", hash = "sha256:02abe224de6ae62c19f090f68da4e27b10af2b93213d36cf44e6e1c5abd19fdd"},
    {file = "tomli-2.2.1-cp312-cp312-musllinux_1_2_x86_64.whl", hash = "sha256:b82ebccc8c8a36f2094e969560a1b836758481f3dc360ce9a3277c65f374285e"},
    {file = "tomli-2.2.1-cp312-cp312-win32.whl", hash = "sha256:889f80ef92701b9dbb224e49ec87c645ce5df3fa2cc548664eb8a25e03127a98"},
    {file = "tomli-2.2.1-cp312-cp312-win_amd64.whl", hash = "sha256:7fc04e92e1d624a4a63c76474610238576942d6b8950a2d7f908a340494e67e4"},
    {file = "tomli-2.2.1-cp313-cp313-macosx_10_13_x86_64.whl", hash = "sha256:f4039b9cbc3048b2416cc57ab3bda989a6fcf9b36cf8937f01a6e731b64f80d7"},
    {file = "tomli-2.2.1-cp313-cp313-macosx_11_0_arm64.whl", hash = "sha256:286f0ca2ffeeb5b9bd4fcc8d6c330534323ec51b2f52da063b11c502da16f30c"},
    {file = "tomli-2.2.1-cp313-cp313-manylinux_2_17_aarch64.manylinux2014_aarch64.whl", hash = "sha256:a92ef1a44547e894e2a17d24e7557a5e85a9e1d0048b0b5e7541f76c5032cb13"},
    {file = "tomli-2.2.1-cp313-cp313-manylinux_2_17_x86_64.manylinux2014_x86_64.whl", hash = "sha256:9316dc65bed1684c9a98ee68759ceaed29d229e985297003e494aa825ebb0281"},
    {file = "tomli-2.2.1-cp313-cp313-manylinux_2_5_i686.manylinux1_i686.manylinux_2_17_i686.manylinux2014_i686.whl", hash = "sha256:e85e99945e688e32d5a35c1ff38ed0b3f41f43fad8df0bdf79f72b2ba7bc5272"},
    {file = "tomli-2.2.1-cp313-cp313-musllinux_1_2_aarch64.whl", hash = "sha256:ac065718db92ca818f8d6141b5f66369833d4a80a9d74435a268c52bdfa73140"},
    {file = "tomli-2.2.1-cp313-cp313-musllinux_1_2_i686.whl", hash = "sha256:d920f33822747519673ee656a4b6ac33e382eca9d331c87770faa3eef562aeb2"},
    {file = "tomli-2.2.1-cp313-cp313-musllinux_1_2_x86_64.whl", hash = "sha256:a198f10c4d1b1375d7687bc25294306e551bf1abfa4eace6650070a5c1ae2744"},
    {file = "tomli-2.2.1-cp313-cp313-win32.whl", hash = "sha256:d3f5614314d758649ab2ab3a62d4f2004c825922f9e370b29416484086b264ec"},
    {file = "tomli-2.2.1-cp313-cp313-win_amd64.whl", hash = "sha256:a38aa0308e754b0e3c67e344754dff64999ff9b513e691d0e786265c93583c69"},
    {file = "tomli-2.2.1-py3-none-any.whl", hash = "sha256:cb55c73c5f4408779d0cf3eef9f762b9c9f147a77de7b258bef0a5628adc85cc"},
    {file = "tomli-2.2.1.tar.gz", hash = "sha256:cd45e1dc79c835ce60f7404ec8119f2eb06d38b1deba146f07ced3bbc44505ff"},
]

[[package]]
name = "typing-extensions"
version = "4.14.0"
description = "Backported and Experimental Type Hints for Python 3.9+"
optional = false
python-versions = ">=3.9"
groups = ["dev"]
markers = "python_version < \"3.11\""
files = [
    {file = "typing_extensions-4.14.0-py3-none-any.whl", hash = "sha256:a1514509136dd0b477638fc68d6a91497af5076466ad0fa6c338e44e359944af"},
    {file = "typing_extensions-4.14.0.tar.gz", hash = "sha256:8676b788e32f02ab42d9e7c61324048ae4c6d844a399eebace3d4979d75ceef4"},
]

[[package]]
name = "werkzeug"
version = "1.0.1"
description = "The comprehensive WSGI web application library."
optional = false
python-versions = ">=2.7, !=3.0.*, !=3.1.*, !=3.2.*, !=3.3.*, !=3.4.*"
groups = ["main", "dev"]
files = [
    {file = "Werkzeug-1.0.1-py2.py3-none-any.whl", hash = "sha256:2de2a5db0baeae7b2d2664949077c2ac63fbd16d98da0ff71837f7d1dea3fd43"},
    {file = "Werkzeug-1.0.1.tar.gz", hash = "sha256:6c80b1e5ad3665290ea39320b91e1be1e0d5f60652b964a3070216de83d2e47c"},
]

[package.extras]
dev = ["coverage", "pallets-sphinx-themes", "pytest", "pytest-timeout", "sphinx", "sphinx-issues", "tox"]
watchdog = ["watchdog"]

[metadata]
lock-version = "2.1"
python-versions = "^3.9"
content-hash = "acbe10537650ab06fe5c2c48830c32e611b662d17be086152f3fa02f543174bc"
